
Microsoft Visual Studio Solution File, Format Version 12.00
Project("{FAE04EC0-301F-11D3-BF4B-00C04F79EFBC}") = "WorkingWithMethods", "WorkingWithMethods\WorkingWithMethods.csproj", "{6109BA8A-F53A-4C55-A715-64630E990AF6}"
EndProject
Project("{FAE04EC0-301F-11D3-BF4B-00C04F79EFBC}") = "Classes", "Classes\Classes.csproj", "{4D1C78A5-7127-416C-B5F0-34DB38D007BE}"
EndProject
Project("{FAE04EC0-301F-11D3-BF4B-00C04F79EFBC}") = "Interfaces", "Interfaces\Interfaces.csproj", "{8CF12793-F535-45CD-8B8C-0FE2D35E8CF4}"
EndProject
Project("{FAE04EC0-301F-11D3-BF4B-00C04F79EFBC}") = "ColorClass", "ColorClass\ColorClass.csproj", "{789CEA46-A467-411A-9204-9235AB0FE8B5}"
EndProject
Global
	GlobalSection(SolutionConfigurationPlatforms) = preSolution
		Debug|Any CPU = Debug|Any CPU
		Release|Any CPU = Release|Any CPU
	EndGlobalSection
	GlobalSection(ProjectConfigurationPlatforms) = postSolution
		{6109BA8A-F53A-4C55-A715-64630E990AF6}.Debug|Any CPU.ActiveCfg = Debug|Any CPU
		{6109BA8A-F53A-4C55-A715-64630E990AF6}.Debug|Any CPU.Build.0 = Debug|Any CPU
		{6109BA8A-F53A-4C55-A715-64630E990AF6}.Release|Any CPU.ActiveCfg = Release|Any CPU
		{6109BA8A-F53A-4C55-A715-64630E990AF6}.Release|Any CPU.Build.0 = Release|Any CPU
		{4D1C78A5-7127-416C-B5F0-34DB38D007BE}.Debug|Any CPU.ActiveCfg = Debug|Any CPU
		{4D1C78A5-7127-416C-B5F0-34DB38D007BE}.Debug|Any CPU.Build.0 = Debug|Any CPU
		{4D1C78A5-7127-416C-B5F0-34DB38D007BE}.Release|Any CPU.ActiveCfg = Release|Any CPU
		{4D1C78A5-7127-416C-B5F0-34DB38D007BE}.Release|Any CPU.Build.0 = Release|Any CPU
		{8CF12793-F535-45CD-8B8C-0FE2D35E8CF4}.Debug|Any CPU.ActiveCfg = Debug|Any CPU
		{8CF12793-F535-45CD-8B8C-0FE2D35E8CF4}.Debug|Any CPU.Build.0 = Debug|Any CPU
		{8CF12793-F535-45CD-8B8C-0FE2D35E8CF4}.Release|Any CPU.ActiveCfg = Release|Any CPU
		{8CF12793-F535-45CD-8B8C-0FE2D35E8CF4}.Release|Any CPU.Build.0 = Release|Any CPU
		{789CEA46-A467-411A-9204-9235AB0FE8B5}.Debug|Any CPU.ActiveCfg = Debug|Any CPU
		{789CEA46-A467-411A-9204-9235AB0FE8B5}.Debug|Any CPU.Build.0 = Debug|Any CPU
		{789CEA46-A467-411A-9204-9235AB0FE8B5}.Release|Any CPU.ActiveCfg = Release|Any CPU
		{789CEA46-A467-411A-9204-9235AB0FE8B5}.Release|Any CPU.Build.0 = Release|Any CPU
	EndGlobalSection
EndGlobal
